
Microsoft Visual Studio Solution File, Format Version 12.00
# Visual Studio 2013
VisualStudioVersion = 12.0.40629.0
MinimumVisualStudioVersion = 10.0.40219.1
Project("{9092AA53-FB77-4645-B42D-1CCCA6BD08BD}") = "fileMetaDataMS", "fileMetaDataMS\fileMetaDataMS.njsproj", "{99E2AFCD-32EA-4581-8D5E-3632D39B32F9}"
EndProject
Global
	GlobalSection(SolutionConfigurationPlatforms) = preSolution
		Debug|Any CPU = Debug|Any CPU
		Release|Any CPU = Release|Any CPU
	EndGlobalSection
	GlobalSection(ProjectConfigurationPlatforms) = postSolution
		{99E2AFCD-32EA-4581-8D5E-3632D39B32F9}.Debug|Any CPU.ActiveCfg = Debug|Any CPU
		{99E2AFCD-32EA-4581-8D5E-3632D39B32F9}.Debug|Any CPU.Build.0 = Debug|Any CPU
		{99E2AFCD-32EA-4581-8D5E-3632D39B32F9}.Release|Any CPU.ActiveCfg = Release|Any CPU
		{99E2AFCD-32EA-4581-8D5E-3632D39B32F9}.Release|Any CPU.Build.0 = Release|Any CPU
	EndGlobalSection
	GlobalSection(SolutionProperties) = preSolution
		HideSolutionNode = FALSE
	EndGlobalSection
EndGlobal
